
Microsoft Visual Studio Solution File, Format Version 12.00
# Visual Studio 15
VisualStudioVersion = 15.0.27004.2006
MinimumVisualStudioVersion = 10.0.40219.1
Project("{FAE04EC0-301F-11D3-BF4B-00C04F79EFBC}") = "WordHalder", "WordHalder\WordHalder.csproj", "{5C5E61D0-F4DD-4FE5-81E6-8FF4E9E7318A}"
EndProject
Global
	GlobalSection(SolutionConfigurationPlatforms) = preSolution
		Debug|Any CPU = Debug|Any CPU
		Release|Any CPU = Release|Any CPU
	EndGlobalSection
	GlobalSection(ProjectConfigurationPlatforms) = postSolution
		{5C5E61D0-F4DD-4FE5-81E6-8FF4E9E7318A}.Debug|Any CPU.ActiveCfg = Debug|Any CPU
		{5C5E61D0-F4DD-4FE5-81E6-8FF4E9E7318A}.Debug|Any CPU.Build.0 = Debug|Any CPU
		{5C5E61D0-F4DD-4FE5-81E6-8FF4E9E7318A}.Release|Any CPU.ActiveCfg = Release|Any CPU
		{5C5E61D0-F4DD-4FE5-81E6-8FF4E9E7318A}.Release|Any CPU.Build.0 = Release|Any CPU
	EndGlobalSection
	GlobalSection(SolutionProperties) = preSolution
		HideSolutionNode = FALSE
	EndGlobalSection
	GlobalSection(ExtensibilityGlobals) = postSolution
		SolutionGuid = {76389019-CAEF-413C-84A3-4CD7FCD9D020}
	EndGlobalSection
EndGlobal
